
Microsoft Visual Studio Solution File, Format Version 12.00
# Visual Studio 15
VisualStudioVersion = 15.0.27004.2002
MinimumVisualStudioVersion = 10.0.40219.1
Project("{A07B5EB6-E848-4116-A8D0-A826331D98C6}") = "FirstDemo", "FirstDemo\FirstDemo.sfproj", "{A28F8EFA-AFBA-4491-9AD5-DE474CCC0B8A}"
EndProject
Project("{FAE04EC0-301F-11D3-BF4B-00C04F79EFBC}") = "MyStatefulService", "MyStatefulService\MyStatefulService.csproj", "{C5912C3D-F1E9-49AC-957F-54B7606FA33B}"
EndProject
Global
	GlobalSection(SolutionConfigurationPlatforms) = preSolution
		Debug|x64 = Debug|x64
		Release|x64 = Release|x64
	EndGlobalSection
	GlobalSection(ProjectConfigurationPlatforms) = postSolution
		{A28F8EFA-AFBA-4491-9AD5-DE474CCC0B8A}.Debug|x64.ActiveCfg = Debug|x64
		{A28F8EFA-AFBA-4491-9AD5-DE474CCC0B8A}.Debug|x64.Build.0 = Debug|x64
		{A28F8EFA-AFBA-4491-9AD5-DE474CCC0B8A}.Debug|x64.Deploy.0 = Debug|x64
		{A28F8EFA-AFBA-4491-9AD5-DE474CCC0B8A}.Release|x64.ActiveCfg = Release|x64
		{A28F8EFA-AFBA-4491-9AD5-DE474CCC0B8A}.Release|x64.Build.0 = Release|x64
		{A28F8EFA-AFBA-4491-9AD5-DE474CCC0B8A}.Release|x64.Deploy.0 = Release|x64
		{C5912C3D-F1E9-49AC-957F-54B7606FA33B}.Debug|x64.ActiveCfg = Debug|x64
		{C5912C3D-F1E9-49AC-957F-54B7606FA33B}.Debug|x64.Build.0 = Debug|x64
		{C5912C3D-F1E9-49AC-957F-54B7606FA33B}.Release|x64.ActiveCfg = Release|x64
		{C5912C3D-F1E9-49AC-957F-54B7606FA33B}.Release|x64.Build.0 = Release|x64
	EndGlobalSection
	GlobalSection(SolutionProperties) = preSolution
		HideSolutionNode = FALSE
	EndGlobalSection
	GlobalSection(ExtensibilityGlobals) = postSolution
		SolutionGuid = {F461CB0D-C76F-41AF-99A6-91C0569089A3}
	EndGlobalSection
EndGlobal
