
Microsoft Visual Studio Solution File, Format Version 12.00
# Visual Studio 15
VisualStudioVersion = 15.0.27004.2008
MinimumVisualStudioVersion = 10.0.40219.1
Project("{A07B5EB6-E848-4116-A8D0-A826331D98C6}") = "MyApplication", "MyApplication\MyApplication.sfproj", "{663146BB-4A7A-4899-A629-4E6C0D5012F6}"
EndProject
Project("{FAE04EC0-301F-11D3-BF4B-00C04F79EFBC}") = "MyStatefulService", "MyStatefulService\MyStatefulService.csproj", "{0ED77853-3B7B-423A-BF33-C1CF23BF8DFE}"
EndProject
Project("{9A19103F-16F7-4668-BE54-9A1E7A4F7556}") = "MyWebService", "MyWebService\MyWebService.csproj", "{97D1B3AE-0A87-48C2-9321-7C483D9F041E}"
EndProject
Project("{FAE04EC0-301F-11D3-BF4B-00C04F79EFBC}") = "MyStatefullService.Interface", "MyStatefullService.Interface\MyStatefullService.Interface.csproj", "{D5D10F38-C144-4836-B282-9D965C16254A}"
EndProject
Global
	GlobalSection(SolutionConfigurationPlatforms) = preSolution
		Debug|Any CPU = Debug|Any CPU
		Debug|x64 = Debug|x64
		Release|Any CPU = Release|Any CPU
		Release|x64 = Release|x64
	EndGlobalSection
	GlobalSection(ProjectConfigurationPlatforms) = postSolution
		{663146BB-4A7A-4899-A629-4E6C0D5012F6}.Debug|Any CPU.ActiveCfg = Debug|x64
		{663146BB-4A7A-4899-A629-4E6C0D5012F6}.Debug|x64.ActiveCfg = Debug|x64
		{663146BB-4A7A-4899-A629-4E6C0D5012F6}.Debug|x64.Build.0 = Debug|x64
		{663146BB-4A7A-4899-A629-4E6C0D5012F6}.Debug|x64.Deploy.0 = Debug|x64
		{663146BB-4A7A-4899-A629-4E6C0D5012F6}.Release|Any CPU.ActiveCfg = Release|x64
		{663146BB-4A7A-4899-A629-4E6C0D5012F6}.Release|x64.ActiveCfg = Release|x64
		{663146BB-4A7A-4899-A629-4E6C0D5012F6}.Release|x64.Build.0 = Release|x64
		{663146BB-4A7A-4899-A629-4E6C0D5012F6}.Release|x64.Deploy.0 = Release|x64
		{0ED77853-3B7B-423A-BF33-C1CF23BF8DFE}.Debug|Any CPU.ActiveCfg = Debug|x64
		{0ED77853-3B7B-423A-BF33-C1CF23BF8DFE}.Debug|x64.ActiveCfg = Debug|x64
		{0ED77853-3B7B-423A-BF33-C1CF23BF8DFE}.Debug|x64.Build.0 = Debug|x64
		{0ED77853-3B7B-423A-BF33-C1CF23BF8DFE}.Release|Any CPU.ActiveCfg = Release|x64
		{0ED77853-3B7B-423A-BF33-C1CF23BF8DFE}.Release|x64.ActiveCfg = Release|x64
		{0ED77853-3B7B-423A-BF33-C1CF23BF8DFE}.Release|x64.Build.0 = Release|x64
		{97D1B3AE-0A87-48C2-9321-7C483D9F041E}.Debug|Any CPU.ActiveCfg = Debug|Any CPU
		{97D1B3AE-0A87-48C2-9321-7C483D9F041E}.Debug|Any CPU.Build.0 = Debug|Any CPU
		{97D1B3AE-0A87-48C2-9321-7C483D9F041E}.Debug|x64.ActiveCfg = Debug|Any CPU
		{97D1B3AE-0A87-48C2-9321-7C483D9F041E}.Debug|x64.Build.0 = Debug|Any CPU
		{97D1B3AE-0A87-48C2-9321-7C483D9F041E}.Release|Any CPU.ActiveCfg = Release|Any CPU
		{97D1B3AE-0A87-48C2-9321-7C483D9F041E}.Release|Any CPU.Build.0 = Release|Any CPU
		{97D1B3AE-0A87-48C2-9321-7C483D9F041E}.Release|x64.ActiveCfg = Release|Any CPU
		{97D1B3AE-0A87-48C2-9321-7C483D9F041E}.Release|x64.Build.0 = Release|Any CPU
		{D5D10F38-C144-4836-B282-9D965C16254A}.Debug|Any CPU.ActiveCfg = Debug|Any CPU
		{D5D10F38-C144-4836-B282-9D965C16254A}.Debug|Any CPU.Build.0 = Debug|Any CPU
		{D5D10F38-C144-4836-B282-9D965C16254A}.Debug|x64.ActiveCfg = Debug|Any CPU
		{D5D10F38-C144-4836-B282-9D965C16254A}.Debug|x64.Build.0 = Debug|Any CPU
		{D5D10F38-C144-4836-B282-9D965C16254A}.Release|Any CPU.ActiveCfg = Release|Any CPU
		{D5D10F38-C144-4836-B282-9D965C16254A}.Release|Any CPU.Build.0 = Release|Any CPU
		{D5D10F38-C144-4836-B282-9D965C16254A}.Release|x64.ActiveCfg = Release|Any CPU
		{D5D10F38-C144-4836-B282-9D965C16254A}.Release|x64.Build.0 = Release|Any CPU
	EndGlobalSection
	GlobalSection(SolutionProperties) = preSolution
		HideSolutionNode = FALSE
	EndGlobalSection
	GlobalSection(ExtensibilityGlobals) = postSolution
		SolutionGuid = {8F0BAAFE-984A-4D3D-A03C-D37FFAC6CADA}
	EndGlobalSection
EndGlobal
